
Microsoft Visual Studio Solution File, Format Version 12.00
# Visual Studio Version 17
VisualStudioVersion = 17.5.002.0
MinimumVisualStudioVersion = 10.0.40219.1
Project("{9A19103F-16F7-4668-BE54-9A1E7A4F7556}") = "mom1.1", "mom1.1.csproj", "{18799038-7EB4-407F-A8F5-BD89151F5EC0}"
EndProject
Global
	GlobalSection(SolutionConfigurationPlatforms) = preSolution
		Debug|Any CPU = Debug|Any CPU
		Release|Any CPU = Release|Any CPU
	EndGlobalSection
	GlobalSection(ProjectConfigurationPlatforms) = postSolution
		{18799038-7EB4-407F-A8F5-BD89151F5EC0}.Debug|Any CPU.ActiveCfg = Debug|Any CPU
		{18799038-7EB4-407F-A8F5-BD89151F5EC0}.Debug|Any CPU.Build.0 = Debug|Any CPU
		{18799038-7EB4-407F-A8F5-BD89151F5EC0}.Release|Any CPU.ActiveCfg = Release|Any CPU
		{18799038-7EB4-407F-A8F5-BD89151F5EC0}.Release|Any CPU.Build.0 = Release|Any CPU
	EndGlobalSection
	GlobalSection(SolutionProperties) = preSolution
		HideSolutionNode = FALSE
	EndGlobalSection
	GlobalSection(ExtensibilityGlobals) = postSolution
		SolutionGuid = {9127FDE4-ACF3-44C4-917C-6CD3874D448E}
	EndGlobalSection
EndGlobal
